
Microsoft Visual Studio Solution File, Format Version 12.00
# Visual Studio Version 17
VisualStudioVersion = 17.5.002.0
MinimumVisualStudioVersion = 10.0.40219.1
Project("{9A19103F-16F7-4668-BE54-9A1E7A4F7556}") = "DemoMVC", "DemoMVC\DemoMVC.csproj", "{A984FA66-138B-47EC-B656-071EC05F55A9}"
EndProject
Global
	GlobalSection(SolutionConfigurationPlatforms) = preSolution
		Debug|Any CPU = Debug|Any CPU
		Release|Any CPU = Release|Any CPU
	EndGlobalSection
	GlobalSection(ProjectConfigurationPlatforms) = postSolution
		{A984FA66-138B-47EC-B656-071EC05F55A9}.Debug|Any CPU.ActiveCfg = Debug|Any CPU
		{A984FA66-138B-47EC-B656-071EC05F55A9}.Debug|Any CPU.Build.0 = Debug|Any CPU
		{A984FA66-138B-47EC-B656-071EC05F55A9}.Release|Any CPU.ActiveCfg = Release|Any CPU
		{A984FA66-138B-47EC-B656-071EC05F55A9}.Release|Any CPU.Build.0 = Release|Any CPU
	EndGlobalSection
	GlobalSection(SolutionProperties) = preSolution
		HideSolutionNode = FALSE
	EndGlobalSection
	GlobalSection(ExtensibilityGlobals) = postSolution
		SolutionGuid = {A268331C-0591-4305-920C-C7ACFC528668}
	EndGlobalSection
EndGlobal
